
Microsoft Visual Studio Solution File, Format Version 12.00
Project("{FAE04EC0-301F-11D3-BF4B-00C04F79EFBC}") = "asp_identity", "asp_identity\asp_identity.csproj", "{2CE5F6A5-D00D-4C8C-894B-4CCB40BADACB}"
EndProject
Global
	GlobalSection(SolutionConfigurationPlatforms) = preSolution
		Debug|Any CPU = Debug|Any CPU
		Release|Any CPU = Release|Any CPU
	EndGlobalSection
	GlobalSection(ProjectConfigurationPlatforms) = postSolution
		{2CE5F6A5-D00D-4C8C-894B-4CCB40BADACB}.Debug|Any CPU.ActiveCfg = Debug|Any CPU
		{2CE5F6A5-D00D-4C8C-894B-4CCB40BADACB}.Debug|Any CPU.Build.0 = Debug|Any CPU
		{2CE5F6A5-D00D-4C8C-894B-4CCB40BADACB}.Release|Any CPU.ActiveCfg = Release|Any CPU
		{2CE5F6A5-D00D-4C8C-894B-4CCB40BADACB}.Release|Any CPU.Build.0 = Release|Any CPU
	EndGlobalSection
EndGlobal
